// !$*UTF8*$!
{
	archiveVersion = 1;
	classes = {
	};
	objectVersion = 56;
	objects = {

/* Begin PBXBuildFile section */
		1562F3FF2A1D06EE0086A7C8 /* AdminViewController.swift in Sources */ = {isa = PBXBuildFile; fileRef = 1562F3FE2A1D06EE0086A7C8 /* AdminViewController.swift */; };
		1562F4042A1D07290086A7C8 /* AdminViewInputProtocol.swift in Sources */ = {isa = PBXBuildFile; fileRef = 1562F4032A1D07290086A7C8 /* AdminViewInputProtocol.swift */; };
		1562F4062A1D07420086A7C8 /* AdminViewOutputProtocol.swift in Sources */ = {isa = PBXBuildFile; fileRef = 1562F4052A1D07420086A7C8 /* AdminViewOutputProtocol.swift */; };
		1562F4082A1D07770086A7C8 /* AdminPresenter.swift in Sources */ = {isa = PBXBuildFile; fileRef = 1562F4072A1D07770086A7C8 /* AdminPresenter.swift */; };
		1562F40A2A1D40100086A7C8 /* UIColorExtension.swift in Sources */ = {isa = PBXBuildFile; fileRef = 1562F4092A1D40100086A7C8 /* UIColorExtension.swift */; };
		1562F40C2A1D45190086A7C8 /* ControllerRepresentable.swift in Sources */ = {isa = PBXBuildFile; fileRef = 1562F40B2A1D45190086A7C8 /* ControllerRepresentable.swift */; };
		7982D67A21E22039C30A3D85 /* Pods_AliasFrontend.framework in Frameworks */ = {isa = PBXBuildFile; fileRef = CBFB7FA69673C20D0549745C /* Pods_AliasFrontend.framework */; };
		991A8BE82A1CF5860039B15A /* RegisterView.swift in Sources */ = {isa = PBXBuildFile; fileRef = 991A8BE62A1CF5860039B15A /* RegisterView.swift */; };
		991A8BE92A1CF5860039B15A /* RegisterViewModel.swift in Sources */ = {isa = PBXBuildFile; fileRef = 991A8BE72A1CF5860039B15A /* RegisterViewModel.swift */; };
		996A80982A1A649900CDD996 /* AliasFrontendApp.swift in Sources */ = {isa = PBXBuildFile; fileRef = 996A80972A1A649900CDD996 /* AliasFrontendApp.swift */; };
		996A809A2A1A649900CDD996 /* LoginView.swift in Sources */ = {isa = PBXBuildFile; fileRef = 996A80992A1A649900CDD996 /* LoginView.swift */; };
		996A809C2A1A649D00CDD996 /* Assets.xcassets in Resources */ = {isa = PBXBuildFile; fileRef = 996A809B2A1A649D00CDD996 /* Assets.xcassets */; };
		996A809F2A1A649D00CDD996 /* Preview Assets.xcassets in Resources */ = {isa = PBXBuildFile; fileRef = 996A809E2A1A649D00CDD996 /* Preview Assets.xcassets */; };
		996A80A62A1A829800CDD996 /* Service.swift in Sources */ = {isa = PBXBuildFile; fileRef = 996A80A52A1A829800CDD996 /* Service.swift */; };
		996A80AB2A1A854400CDD996 /* UserResponse.swift in Sources */ = {isa = PBXBuildFile; fileRef = 996A80AA2A1A854400CDD996 /* UserResponse.swift */; };
		996A80AD2A1A94BA00CDD996 /* LoginResponse.swift in Sources */ = {isa = PBXBuildFile; fileRef = 996A80AC2A1A94BA00CDD996 /* LoginResponse.swift */; };
		996A80AF2A1A96CC00CDD996 /* KeyChain.swift in Sources */ = {isa = PBXBuildFile; fileRef = 996A80AE2A1A96CC00CDD996 /* KeyChain.swift */; };
		996A80B22A1AB79800CDD996 /* LoginViewModel.swift in Sources */ = {isa = PBXBuildFile; fileRef = 996A80B12A1AB79800CDD996 /* LoginViewModel.swift */; };
/* End PBXBuildFile section */

/* Begin PBXFileReference section */
		1562F3FE2A1D06EE0086A7C8 /* AdminViewController.swift */ = {isa = PBXFileReference; lastKnownFileType = sourcecode.swift; path = AdminViewController.swift; sourceTree = "<group>"; };
		1562F4032A1D07290086A7C8 /* AdminViewInputProtocol.swift */ = {isa = PBXFileReference; lastKnownFileType = sourcecode.swift; path = AdminViewInputProtocol.swift; sourceTree = "<group>"; };
		1562F4052A1D07420086A7C8 /* AdminViewOutputProtocol.swift */ = {isa = PBXFileReference; lastKnownFileType = sourcecode.swift; path = AdminViewOutputProtocol.swift; sourceTree = "<group>"; };
		1562F4072A1D07770086A7C8 /* AdminPresenter.swift */ = {isa = PBXFileReference; lastKnownFileType = sourcecode.swift; path = AdminPresenter.swift; sourceTree = "<group>"; };
		1562F4092A1D40100086A7C8 /* UIColorExtension.swift */ = {isa = PBXFileReference; lastKnownFileType = sourcecode.swift; path = UIColorExtension.swift; sourceTree = "<group>"; };
		1562F40B2A1D45190086A7C8 /* ControllerRepresentable.swift */ = {isa = PBXFileReference; lastKnownFileType = sourcecode.swift; path = ControllerRepresentable.swift; sourceTree = "<group>"; };
		7EE8773FF6DC6885DD0B1D37 /* Pods-AliasFrontend.debug.xcconfig */ = {isa = PBXFileReference; includeInIndex = 1; lastKnownFileType = text.xcconfig; name = "Pods-AliasFrontend.debug.xcconfig"; path = "Target Support Files/Pods-AliasFrontend/Pods-AliasFrontend.debug.xcconfig"; sourceTree = "<group>"; };
		991A8BE62A1CF5860039B15A /* RegisterView.swift */ = {isa = PBXFileReference; fileEncoding = 4; lastKnownFileType = sourcecode.swift; path = RegisterView.swift; sourceTree = "<group>"; };
		991A8BE72A1CF5860039B15A /* RegisterViewModel.swift */ = {isa = PBXFileReference; fileEncoding = 4; lastKnownFileType = sourcecode.swift; path = RegisterViewModel.swift; sourceTree = "<group>"; };
		996A80942A1A649900CDD996 /* AliasFrontend.app */ = {isa = PBXFileReference; explicitFileType = wrapper.application; includeInIndex = 0; path = AliasFrontend.app; sourceTree = BUILT_PRODUCTS_DIR; };
		996A80972A1A649900CDD996 /* AliasFrontendApp.swift */ = {isa = PBXFileReference; lastKnownFileType = sourcecode.swift; path = AliasFrontendApp.swift; sourceTree = "<group>"; };
		996A80992A1A649900CDD996 /* LoginView.swift */ = {isa = PBXFileReference; lastKnownFileType = sourcecode.swift; path = LoginView.swift; sourceTree = "<group>"; };
		996A809B2A1A649D00CDD996 /* Assets.xcassets */ = {isa = PBXFileReference; lastKnownFileType = folder.assetcatalog; path = Assets.xcassets; sourceTree = "<group>"; };
		996A809E2A1A649D00CDD996 /* Preview Assets.xcassets */ = {isa = PBXFileReference; lastKnownFileType = folder.assetcatalog; path = "Preview Assets.xcassets"; sourceTree = "<group>"; };
		996A80A52A1A829800CDD996 /* Service.swift */ = {isa = PBXFileReference; lastKnownFileType = sourcecode.swift; path = Service.swift; sourceTree = "<group>"; };
		996A80AA2A1A854400CDD996 /* UserResponse.swift */ = {isa = PBXFileReference; lastKnownFileType = sourcecode.swift; path = UserResponse.swift; sourceTree = "<group>"; };
		996A80AC2A1A94BA00CDD996 /* LoginResponse.swift */ = {isa = PBXFileReference; lastKnownFileType = sourcecode.swift; path = LoginResponse.swift; sourceTree = "<group>"; };
		996A80AE2A1A96CC00CDD996 /* KeyChain.swift */ = {isa = PBXFileReference; lastKnownFileType = sourcecode.swift; path = KeyChain.swift; sourceTree = "<group>"; };
		996A80B12A1AB79800CDD996 /* LoginViewModel.swift */ = {isa = PBXFileReference; lastKnownFileType = sourcecode.swift; path = LoginViewModel.swift; sourceTree = "<group>"; };
		BBC5A72E592AAAC70C05539E /* Pods-AliasFrontend.release.xcconfig */ = {isa = PBXFileReference; includeInIndex = 1; lastKnownFileType = text.xcconfig; name = "Pods-AliasFrontend.release.xcconfig"; path = "Target Support Files/Pods-AliasFrontend/Pods-AliasFrontend.release.xcconfig"; sourceTree = "<group>"; };
		CBFB7FA69673C20D0549745C /* Pods_AliasFrontend.framework */ = {isa = PBXFileReference; explicitFileType = wrapper.framework; includeInIndex = 0; path = Pods_AliasFrontend.framework; sourceTree = BUILT_PRODUCTS_DIR; };
/* End PBXFileReference section */

/* Begin PBXFrameworksBuildPhase section */
		996A80912A1A649900CDD996 /* Frameworks */ = {
			isa = PBXFrameworksBuildPhase;
			buildActionMask = 2147483647;
			files = (
				7982D67A21E22039C30A3D85 /* Pods_AliasFrontend.framework in Frameworks */,
			);
			runOnlyForDeploymentPostprocessing = 0;
		};
/* End PBXFrameworksBuildPhase section */

/* Begin PBXGroup section */
		1562F3FD2A1D06AD0086A7C8 /* Admin */ = {
			isa = PBXGroup;
			children = (
				1562F4022A1D07160086A7C8 /* Protocols */,
				1562F4012A1D070C0086A7C8 /* Presenter */,
				1562F4002A1D07050086A7C8 /* Views */,
			);
			path = Admin;
			sourceTree = "<group>";
		};
		1562F4002A1D07050086A7C8 /* Views */ = {
			isa = PBXGroup;
			children = (
				1562F3FE2A1D06EE0086A7C8 /* AdminViewController.swift */,
			);
			path = Views;
			sourceTree = "<group>";
		};
		1562F4012A1D070C0086A7C8 /* Presenter */ = {
			isa = PBXGroup;
			children = (
				1562F4072A1D07770086A7C8 /* AdminPresenter.swift */,
			);
			path = Presenter;
			sourceTree = "<group>";
		};
		1562F4022A1D07160086A7C8 /* Protocols */ = {
			isa = PBXGroup;
			children = (
				1562F4032A1D07290086A7C8 /* AdminViewInputProtocol.swift */,
				1562F4052A1D07420086A7C8 /* AdminViewOutputProtocol.swift */,
			);
			path = Protocols;
			sourceTree = "<group>";
		};
		6BC56B974FFB5094293E505D /* Pods */ = {
			isa = PBXGroup;
			children = (
				7EE8773FF6DC6885DD0B1D37 /* Pods-AliasFrontend.debug.xcconfig */,
				BBC5A72E592AAAC70C05539E /* Pods-AliasFrontend.release.xcconfig */,
			);
			path = Pods;
			sourceTree = "<group>";
		};
		991A8BE52A1CF51E0039B15A /* RegisterView */ = {
			isa = PBXGroup;
			children = (
				991A8BE62A1CF5860039B15A /* RegisterView.swift */,
				991A8BE72A1CF5860039B15A /* RegisterViewModel.swift */,
			);
			path = RegisterView;
			sourceTree = "<group>";
		};
		996A808B2A1A649900CDD996 = {
			isa = PBXGroup;
			children = (
				996A80962A1A649900CDD996 /* AliasFrontend */,
				996A80952A1A649900CDD996 /* Products */,
				6BC56B974FFB5094293E505D /* Pods */,
				F7A13AB74DC7744FE6863331 /* Frameworks */,
			);
			sourceTree = "<group>";
		};
		996A80952A1A649900CDD996 /* Products */ = {
			isa = PBXGroup;
			children = (
				996A80942A1A649900CDD996 /* AliasFrontend.app */,
			);
			name = Products;
			sourceTree = "<group>";
		};
		996A80962A1A649900CDD996 /* AliasFrontend */ = {
			isa = PBXGroup;
			children = (
				1562F3FD2A1D06AD0086A7C8 /* Admin */,
				991A8BE52A1CF51E0039B15A /* RegisterView */,
				996A80B02A1AB14A00CDD996 /* LoginView */,
				996A80A72A1A82A600CDD996 /* Model */,
				996A80972A1A649900CDD996 /* AliasFrontendApp.swift */,
				996A809B2A1A649D00CDD996 /* Assets.xcassets */,
				996A809D2A1A649D00CDD996 /* Preview Content */,
				996A80A52A1A829800CDD996 /* Service.swift */,
				996A80AE2A1A96CC00CDD996 /* KeyChain.swift */,
				1562F4092A1D40100086A7C8 /* UIColorExtension.swift */,
				1562F40B2A1D45190086A7C8 /* ControllerRepresentable.swift */,
			);
			path = AliasFrontend;
			sourceTree = "<group>";
		};
		996A809D2A1A649D00CDD996 /* Preview Content */ = {
			isa = PBXGroup;
			children = (
				996A809E2A1A649D00CDD996 /* Preview Assets.xcassets */,
			);
			path = "Preview Content";
			sourceTree = "<group>";
		};
		996A80A72A1A82A600CDD996 /* Model */ = {
			isa = PBXGroup;
			children = (
				996A80AA2A1A854400CDD996 /* UserResponse.swift */,
				996A80AC2A1A94BA00CDD996 /* LoginResponse.swift */,
			);
			path = Model;
			sourceTree = "<group>";
		};
		996A80B02A1AB14A00CDD996 /* LoginView */ = {
			isa = PBXGroup;
			children = (
				996A80992A1A649900CDD996 /* LoginView.swift */,
				996A80B12A1AB79800CDD996 /* LoginViewModel.swift */,
			);
			path = LoginView;
			sourceTree = "<group>";
		};
		F7A13AB74DC7744FE6863331 /* Frameworks */ = {
			isa = PBXGroup;
			children = (
				CBFB7FA69673C20D0549745C /* Pods_AliasFrontend.framework */,
			);
			name = Frameworks;
			sourceTree = "<group>";
		};
/* End PBXGroup section */

/* Begin PBXNativeTarget section */
		996A80932A1A649900CDD996 /* AliasFrontend */ = {
			isa = PBXNativeTarget;
			buildConfigurationList = 996A80A22A1A649D00CDD996 /* Build configuration list for PBXNativeTarget "AliasFrontend" */;
			buildPhases = (
				D391D8353492308E533EE407 /* [CP] Check Pods Manifest.lock */,
				996A80902A1A649900CDD996 /* Sources */,
				996A80912A1A649900CDD996 /* Frameworks */,
				996A80922A1A649900CDD996 /* Resources */,
				A684D30510C2536391C4711E /* [CP] Embed Pods Frameworks */,
			);
			buildRules = (
			);
			dependencies = (
			);
			name = AliasFrontend;
			productName = AliasFrontend;
			productReference = 996A80942A1A649900CDD996 /* AliasFrontend.app */;
			productType = "com.apple.product-type.application";
		};
/* End PBXNativeTarget section */

/* Begin PBXProject section */
		996A808C2A1A649900CDD996 /* Project object */ = {
			isa = PBXProject;
			attributes = {
				BuildIndependentTargetsInParallel = 1;
				LastSwiftUpdateCheck = 1430;
				LastUpgradeCheck = 1430;
				TargetAttributes = {
					996A80932A1A649900CDD996 = {
						CreatedOnToolsVersion = 14.3;
					};
				};
			};
			buildConfigurationList = 996A808F2A1A649900CDD996 /* Build configuration list for PBXProject "AliasFrontend" */;
			compatibilityVersion = "Xcode 14.0";
			developmentRegion = en;
			hasScannedForEncodings = 0;
			knownRegions = (
				en,
				Base,
			);
			mainGroup = 996A808B2A1A649900CDD996;
			productRefGroup = 996A80952A1A649900CDD996 /* Products */;
			projectDirPath = "";
			projectRoot = "";
			targets = (
				996A80932A1A649900CDD996 /* AliasFrontend */,
			);
		};
/* End PBXProject section */

/* Begin PBXResourcesBuildPhase section */
		996A80922A1A649900CDD996 /* Resources */ = {
			isa = PBXResourcesBuildPhase;
			buildActionMask = 2147483647;
			files = (
				996A809F2A1A649D00CDD996 /* Preview Assets.xcassets in Resources */,
				996A809C2A1A649D00CDD996 /* Assets.xcassets in Resources */,
			);
			runOnlyForDeploymentPostprocessing = 0;
		};
/* End PBXResourcesBuildPhase section */

/* Begin PBXShellScriptBuildPhase section */
		A684D30510C2536391C4711E /* [CP] Embed Pods Frameworks */ = {
			isa = PBXShellScriptBuildPhase;
			buildActionMask = 2147483647;
			files = (
			);
			inputFileListPaths = (
				"${PODS_ROOT}/Target Support Files/Pods-AliasFrontend/Pods-AliasFrontend-frameworks-${CONFIGURATION}-input-files.xcfilelist",
			);
			name = "[CP] Embed Pods Frameworks";
			outputFileListPaths = (
				"${PODS_ROOT}/Target Support Files/Pods-AliasFrontend/Pods-AliasFrontend-frameworks-${CONFIGURATION}-output-files.xcfilelist",
			);
			runOnlyForDeploymentPostprocessing = 0;
			shellPath = /bin/sh;
			shellScript = "\"${PODS_ROOT}/Target Support Files/Pods-AliasFrontend/Pods-AliasFrontend-frameworks.sh\"\n";
			showEnvVarsInLog = 0;
		};
		D391D8353492308E533EE407 /* [CP] Check Pods Manifest.lock */ = {
			isa = PBXShellScriptBuildPhase;
			buildActionMask = 2147483647;
			files = (
			);
			inputFileListPaths = (
			);
			inputPaths = (
				"${PODS_PODFILE_DIR_PATH}/Podfile.lock",
				"${PODS_ROOT}/Manifest.lock",
			);
			name = "[CP] Check Pods Manifest.lock";
			outputFileListPaths = (
			);
			outputPaths = (
				"$(DERIVED_FILE_DIR)/Pods-AliasFrontend-checkManifestLockResult.txt",
			);
			runOnlyForDeploymentPostprocessing = 0;
			shellPath = /bin/sh;
			shellScript = "diff \"${PODS_PODFILE_DIR_PATH}/Podfile.lock\" \"${PODS_ROOT}/Manifest.lock\" > /dev/null\nif [ $? != 0 ] ; then\n    # print error to STDERR\n    echo \"error: The sandbox is not in sync with the Podfile.lock. Run 'pod install' or update your CocoaPods installation.\" >&2\n    exit 1\nfi\n# This output is used by Xcode 'outputs' to avoid re-running this script phase.\necho \"SUCCESS\" > \"${SCRIPT_OUTPUT_FILE_0}\"\n";
			showEnvVarsInLog = 0;
		};
/* End PBXShellScriptBuildPhase section */

/* Begin PBXSourcesBuildPhase section */
		996A80902A1A649900CDD996 /* Sources */ = {
			isa = PBXSourcesBuildPhase;
			buildActionMask = 2147483647;
			files = (
				996A80AB2A1A854400CDD996 /* UserResponse.swift in Sources */,
				1562F40A2A1D40100086A7C8 /* UIColorExtension.swift in Sources */,
				996A80AF2A1A96CC00CDD996 /* KeyChain.swift in Sources */,
				996A809A2A1A649900CDD996 /* LoginView.swift in Sources */,
				1562F4062A1D07420086A7C8 /* AdminViewOutputProtocol.swift in Sources */,
				996A80982A1A649900CDD996 /* AliasFrontendApp.swift in Sources */,
				996A80A62A1A829800CDD996 /* Service.swift in Sources */,
				1562F4082A1D07770086A7C8 /* AdminPresenter.swift in Sources */,
				991A8BE82A1CF5860039B15A /* RegisterView.swift in Sources */,
				996A80AD2A1A94BA00CDD996 /* LoginResponse.swift in Sources */,
				991A8BE92A1CF5860039B15A /* RegisterViewModel.swift in Sources */,
				1562F4042A1D07290086A7C8 /* AdminViewInputProtocol.swift in Sources */,
				1562F40C2A1D45190086A7C8 /* ControllerRepresentable.swift in Sources */,
				1562F3FF2A1D06EE0086A7C8 /* AdminViewController.swift in Sources */,
				996A80B22A1AB79800CDD996 /* LoginViewModel.swift in Sources */,
			);
			runOnlyForDeploymentPostprocessing = 0;
		};
/* End PBXSourcesBuildPhase section */

/* Begin XCBuildConfiguration section */
		996A80A02A1A649D00CDD996 /* Debug */ = {
			isa = XCBuildConfiguration;
			buildSettings = {
				ALWAYS_SEARCH_USER_PATHS = NO;
				CLANG_ANALYZER_NONNULL = YES;
				CLANG_ANALYZER_NUMBER_OBJECT_CONVERSION = YES_AGGRESSIVE;
				CLANG_CXX_LANGUAGE_STANDARD = "gnu++20";
				CLANG_ENABLE_MODULES = YES;
				CLANG_ENABLE_OBJC_ARC = YES;
				CLANG_ENABLE_OBJC_WEAK = YES;
				CLANG_WARN_BLOCK_CAPTURE_AUTORELEASING = YES;
				CLANG_WARN_BOOL_CONVERSION = YES;
				CLANG_WARN_COMMA = YES;
				CLANG_WARN_CONSTANT_CONVERSION = YES;
				CLANG_WARN_DEPRECATED_OBJC_IMPLEMENTATIONS = YES;
				CLANG_WARN_DIRECT_OBJC_ISA_USAGE = YES_ERROR;
				CLANG_WARN_DOCUMENTATION_COMMENTS = YES;
				CLANG_WARN_EMPTY_BODY = YES;
				CLANG_WARN_ENUM_CONVERSION = YES;
				CLANG_WARN_INFINITE_RECURSION = YES;
				CLANG_WARN_INT_CONVERSION = YES;
				CLANG_WARN_NON_LITERAL_NULL_CONVERSION = YES;
				CLANG_WARN_OBJC_IMPLICIT_RETAIN_SELF = YES;
				CLANG_WARN_OBJC_LITERAL_CONVERSION = YES;
				CLANG_WARN_OBJC_ROOT_CLASS = YES_ERROR;
				CLANG_WARN_QUOTED_INCLUDE_IN_FRAMEWORK_HEADER = YES;
				CLANG_WARN_RANGE_LOOP_ANALYSIS = YES;
				CLANG_WARN_STRICT_PROTOTYPES = YES;
				CLANG_WARN_SUSPICIOUS_MOVE = YES;
				CLANG_WARN_UNGUARDED_AVAILABILITY = YES_AGGRESSIVE;
				CLANG_WARN_UNREACHABLE_CODE = YES;
				CLANG_WARN__DUPLICATE_METHOD_MATCH = YES;
				COPY_PHASE_STRIP = NO;
				DEBUG_INFORMATION_FORMAT = dwarf;
				ENABLE_STRICT_OBJC_MSGSEND = YES;
				ENABLE_TESTABILITY = YES;
				GCC_C_LANGUAGE_STANDARD = gnu11;
				GCC_DYNAMIC_NO_PIC = NO;
				GCC_NO_COMMON_BLOCKS = YES;
				GCC_OPTIMIZATION_LEVEL = 0;
				GCC_PREPROCESSOR_DEFINITIONS = (
					"DEBUG=1",
					"$(inherited)",
				);
				GCC_WARN_64_TO_32_BIT_CONVERSION = YES;
				GCC_WARN_ABOUT_RETURN_TYPE = YES_ERROR;
				GCC_WARN_UNDECLARED_SELECTOR = YES;
				GCC_WARN_UNINITIALIZED_AUTOS = YES_AGGRESSIVE;
				GCC_WARN_UNUSED_FUNCTION = YES;
				GCC_WARN_UNUSED_VARIABLE = YES;
				IPHONEOS_DEPLOYMENT_TARGET = 16.4;
				MTL_ENABLE_DEBUG_INFO = INCLUDE_SOURCE;
				MTL_FAST_MATH = YES;
				ONLY_ACTIVE_ARCH = YES;
				SDKROOT = iphoneos;
				SWIFT_ACTIVE_COMPILATION_CONDITIONS = DEBUG;
				SWIFT_OPTIMIZATION_LEVEL = "-Onone";
			};
			name = Debug;
		};
		996A80A12A1A649D00CDD996 /* Release */ = {
			isa = XCBuildConfiguration;
			buildSettings = {
				ALWAYS_SEARCH_USER_PATHS = NO;
				CLANG_ANALYZER_NONNULL = YES;
				CLANG_ANALYZER_NUMBER_OBJECT_CONVERSION = YES_AGGRESSIVE;
				CLANG_CXX_LANGUAGE_STANDARD = "gnu++20";
				CLANG_ENABLE_MODULES = YES;
				CLANG_ENABLE_OBJC_ARC = YES;
				CLANG_ENABLE_OBJC_WEAK = YES;
				CLANG_WARN_BLOCK_CAPTURE_AUTORELEASING = YES;
				CLANG_WARN_BOOL_CONVERSION = YES;
				CLANG_WARN_COMMA = YES;
				CLANG_WARN_CONSTANT_CONVERSION = YES;
				CLANG_WARN_DEPRECATED_OBJC_IMPLEMENTATIONS = YES;
				CLANG_WARN_DIRECT_OBJC_ISA_USAGE = YES_ERROR;
				CLANG_WARN_DOCUMENTATION_COMMENTS = YES;
				CLANG_WARN_EMPTY_BODY = YES;
				CLANG_WARN_ENUM_CONVERSION = YES;
				CLANG_WARN_INFINITE_RECURSION = YES;
				CLANG_WARN_INT_CONVERSION = YES;
				CLANG_WARN_NON_LITERAL_NULL_CONVERSION = YES;
				CLANG_WARN_OBJC_IMPLICIT_RETAIN_SELF = YES;
				CLANG_WARN_OBJC_LITERAL_CONVERSION = YES;
				CLANG_WARN_OBJC_ROOT_CLASS = YES_ERROR;
				CLANG_WARN_QUOTED_INCLUDE_IN_FRAMEWORK_HEADER = YES;
				CLANG_WARN_RANGE_LOOP_ANALYSIS = YES;
				CLANG_WARN_STRICT_PROTOTYPES = YES;
				CLANG_WARN_SUSPICIOUS_MOVE = YES;
				CLANG_WARN_UNGUARDED_AVAILABILITY = YES_AGGRESSIVE;
				CLANG_WARN_UNREACHABLE_CODE = YES;
				CLANG_WARN__DUPLICATE_METHOD_MATCH = YES;
				COPY_PHASE_STRIP = NO;
				DEBUG_INFORMATION_FORMAT = "dwarf-with-dsym";
				ENABLE_NS_ASSERTIONS = NO;
				ENABLE_STRICT_OBJC_MSGSEND = YES;
				GCC_C_LANGUAGE_STANDARD = gnu11;
				GCC_NO_COMMON_BLOCKS = YES;
				GCC_WARN_64_TO_32_BIT_CONVERSION = YES;
				GCC_WARN_ABOUT_RETURN_TYPE = YES_ERROR;
				GCC_WARN_UNDECLARED_SELECTOR = YES;
				GCC_WARN_UNINITIALIZED_AUTOS = YES_AGGRESSIVE;
				GCC_WARN_UNUSED_FUNCTION = YES;
				GCC_WARN_UNUSED_VARIABLE = YES;
				IPHONEOS_DEPLOYMENT_TARGET = 16.4;
				MTL_ENABLE_DEBUG_INFO = NO;
				MTL_FAST_MATH = YES;
				SDKROOT = iphoneos;
				SWIFT_COMPILATION_MODE = wholemodule;
				SWIFT_OPTIMIZATION_LEVEL = "-O";
				VALIDATE_PRODUCT = YES;
			};
			name = Release;
		};
		996A80A32A1A649D00CDD996 /* Debug */ = {
			isa = XCBuildConfiguration;
			baseConfigurationReference = 7EE8773FF6DC6885DD0B1D37 /* Pods-AliasFrontend.debug.xcconfig */;
			buildSettings = {
				ASSETCATALOG_COMPILER_APPICON_NAME = AppIcon;
				ASSETCATALOG_COMPILER_GLOBAL_ACCENT_COLOR_NAME = AccentColor;
				CODE_SIGN_STYLE = Automatic;
				CURRENT_PROJECT_VERSION = 1;
				DEVELOPMENT_ASSET_PATHS = "\"AliasFrontend/Preview Content\"";
				ENABLE_PREVIEWS = YES;
				GENERATE_INFOPLIST_FILE = YES;
				INFOPLIST_KEY_UIApplicationSceneManifest_Generation = YES;
				INFOPLIST_KEY_UIApplicationSupportsIndirectInputEvents = YES;
				INFOPLIST_KEY_UILaunchScreen_Generation = YES;
				INFOPLIST_KEY_UISupportedInterfaceOrientations_iPad = "UIInterfaceOrientationPortrait UIInterfaceOrientationPortraitUpsideDown UIInterfaceOrientationLandscapeLeft UIInterfaceOrientationLandscapeRight";
				INFOPLIST_KEY_UISupportedInterfaceOrientations_iPhone = "UIInterfaceOrientationPortrait UIInterfaceOrientationLandscapeLeft UIInterfaceOrientationLandscapeRight";
				IPHONEOS_DEPLOYMENT_TARGET = 14.0;
				LD_RUNPATH_SEARCH_PATHS = (
					"$(inherited)",
					"@executable_path/Frameworks",
				);
				MARKETING_VERSION = 1.0;
				PRODUCT_BUNDLE_IDENTIFIER = ru.hse.alias.AliasFrontend;
				PRODUCT_NAME = "$(TARGET_NAME)";
				SWIFT_EMIT_LOC_STRINGS = YES;
				SWIFT_VERSION = 5.0;
				TARGETED_DEVICE_FAMILY = "1,2";
			};
			name = Debug;
		};
		996A80A42A1A649D00CDD996 /* Release */ = {
			isa = XCBuildConfiguration;
			baseConfigurationReference = BBC5A72E592AAAC70C05539E /* Pods-AliasFrontend.release.xcconfig */;
			buildSettings = {
				ASSETCATALOG_COMPILER_APPICON_NAME = AppIcon;
				ASSETCATALOG_COMPILER_GLOBAL_ACCENT_COLOR_NAME = AccentColor;
				CODE_SIGN_STYLE = Automatic;
				CURRENT_PROJECT_VERSION = 1;
				DEVELOPMENT_ASSET_PATHS = "\"AliasFrontend/Preview Content\"";
				ENABLE_PREVIEWS = YES;
				GENERATE_INFOPLIST_FILE = YES;
				INFOPLIST_KEY_UIApplicationSceneManifest_Generation = YES;
				INFOPLIST_KEY_UIApplicationSupportsIndirectInputEvents = YES;
				INFOPLIST_KEY_UILaunchScreen_Generation = YES;
				INFOPLIST_KEY_UISupportedInterfaceOrientations_iPad = "UIInterfaceOrientationPortrait UIInterfaceOrientationPortraitUpsideDown UIInterfaceOrientationLandscapeLeft UIInterfaceOrientationLandscapeRight";
				INFOPLIST_KEY_UISupportedInterfaceOrientations_iPhone = "UIInterfaceOrientationPortrait UIInterfaceOrientationLandscapeLeft UIInterfaceOrientationLandscapeRight";
				IPHONEOS_DEPLOYMENT_TARGET = 14.0;
				LD_RUNPATH_SEARCH_PATHS = (
					"$(inherited)",
					"@executable_path/Frameworks",
				);
				MARKETING_VERSION = 1.0;
				PRODUCT_BUNDLE_IDENTIFIER = ru.hse.alias.AliasFrontend;
				PRODUCT_NAME = "$(TARGET_NAME)";
				SWIFT_EMIT_LOC_STRINGS = YES;
				SWIFT_VERSION = 5.0;
				TARGETED_DEVICE_FAMILY = "1,2";
			};
			name = Release;
		};
/* End XCBuildConfiguration section */

/* Begin XCConfigurationList section */
		996A808F2A1A649900CDD996 /* Build configuration list for PBXProject "AliasFrontend" */ = {
			isa = XCConfigurationList;
			buildConfigurations = (
				996A80A02A1A649D00CDD996 /* Debug */,
				996A80A12A1A649D00CDD996 /* Release */,
			);
			defaultConfigurationIsVisible = 0;
			defaultConfigurationName = Release;
		};
		996A80A22A1A649D00CDD996 /* Build configuration list for PBXNativeTarget "AliasFrontend" */ = {
			isa = XCConfigurationList;
			buildConfigurations = (
				996A80A32A1A649D00CDD996 /* Debug */,
				996A80A42A1A649D00CDD996 /* Release */,
			);
			defaultConfigurationIsVisible = 0;
			defaultConfigurationName = Release;
		};
/* End XCConfigurationList section */
	};
	rootObject = 996A808C2A1A649900CDD996 /* Project object */;
}
