// !$*UTF8*$!
{
	archiveVersion = 1;
	classes = {
	};
	objectVersion = 56;
	objects = {

/* Begin PBXBuildFile section */
		155BB43B2A1D6A370029F727 /* AdminPresenter.swift in Sources */ = {isa = PBXBuildFile; fileRef = 1562F41F2A1D68A80086A7C8 /* AdminPresenter.swift */; };
		155BB43C2A1D6A3D0029F727 /* AdminViewController.swift in Sources */ = {isa = PBXBuildFile; fileRef = 1562F4212A1D68A80086A7C8 /* AdminViewController.swift */; };
		155BB43D2A1D6A400029F727 /* AdminViewInputProtocol.swift in Sources */ = {isa = PBXBuildFile; fileRef = 1562F4232A1D68A80086A7C8 /* AdminViewInputProtocol.swift */; };
		155BB43E2A1D6A420029F727 /* AdminViewOutputProtocol.swift in Sources */ = {isa = PBXBuildFile; fileRef = 1562F4242A1D68A80086A7C8 /* AdminViewOutputProtocol.swift */; };
		155BB43F2A1D6A4D0029F727 /* UIColorExtension.swift in Sources */ = {isa = PBXBuildFile; fileRef = 1562F4252A1D68A80086A7C8 /* UIColorExtension.swift */; };
		155BB4412A1D73F80029F727 /* CreateRoomResponse.swift in Sources */ = {isa = PBXBuildFile; fileRef = 155BB4402A1D73F80029F727 /* CreateRoomResponse.swift */; };
		991D785E2A1D4EF000D331AA /* AppDelegate.swift in Sources */ = {isa = PBXBuildFile; fileRef = 991D785D2A1D4EF000D331AA /* AppDelegate.swift */; };
		991D78602A1D4EF000D331AA /* SceneDelegate.swift in Sources */ = {isa = PBXBuildFile; fileRef = 991D785F2A1D4EF000D331AA /* SceneDelegate.swift */; };
		991D78622A1D4EF000D331AA /* ViewController.swift in Sources */ = {isa = PBXBuildFile; fileRef = 991D78612A1D4EF000D331AA /* ViewController.swift */; };
		991D78672A1D4EF400D331AA /* Assets.xcassets in Resources */ = {isa = PBXBuildFile; fileRef = 991D78662A1D4EF400D331AA /* Assets.xcassets */; };
		991D786A2A1D4EF400D331AA /* LaunchScreen.storyboard in Resources */ = {isa = PBXBuildFile; fileRef = 991D78682A1D4EF400D331AA /* LaunchScreen.storyboard */; };
		991D787C2A1D4F8500D331AA /* Service.swift in Sources */ = {isa = PBXBuildFile; fileRef = 991D78782A1D4F8500D331AA /* Service.swift */; };
		991D787D2A1D4F8500D331AA /* KeyChain.swift in Sources */ = {isa = PBXBuildFile; fileRef = 991D78742A1D4F8500D331AA /* KeyChain.swift */; };
		991D787F2A1D504000D331AA /* UserResponse.swift in Sources */ = {isa = PBXBuildFile; fileRef = 991D787E2A1D504000D331AA /* UserResponse.swift */; };
		991D78812A1D506400D331AA /* LoginResponse.swift in Sources */ = {isa = PBXBuildFile; fileRef = 991D78802A1D506400D331AA /* LoginResponse.swift */; };
		991D78832A1D507D00D331AA /* LoginView.swift in Sources */ = {isa = PBXBuildFile; fileRef = 991D78822A1D507D00D331AA /* LoginView.swift */; };
		991D78852A1D509500D331AA /* LoginViewModel.swift in Sources */ = {isa = PBXBuildFile; fileRef = 991D78842A1D509500D331AA /* LoginViewModel.swift */; };
		991D78872A1D50DC00D331AA /* RegisterView.swift in Sources */ = {isa = PBXBuildFile; fileRef = 991D78862A1D50DC00D331AA /* RegisterView.swift */; };
		991D78892A1D50F000D331AA /* RegisterViewModel.swift in Sources */ = {isa = PBXBuildFile; fileRef = 991D78882A1D50F000D331AA /* RegisterViewModel.swift */; };
		C98BA856999A3D48A146A00A /* Pods_AliasFrontend.framework in Frameworks */ = {isa = PBXBuildFile; fileRef = ED899F8932580061A08648C3 /* Pods_AliasFrontend.framework */; };
/* End PBXBuildFile section */

/* Begin PBXFileReference section */
		155BB4402A1D73F80029F727 /* CreateRoomResponse.swift */ = {isa = PBXFileReference; lastKnownFileType = sourcecode.swift; path = CreateRoomResponse.swift; sourceTree = "<group>"; };
		1562F41F2A1D68A80086A7C8 /* AdminPresenter.swift */ = {isa = PBXFileReference; lastKnownFileType = sourcecode.swift; path = AdminPresenter.swift; sourceTree = "<group>"; };
		1562F4212A1D68A80086A7C8 /* AdminViewController.swift */ = {isa = PBXFileReference; lastKnownFileType = sourcecode.swift; path = AdminViewController.swift; sourceTree = "<group>"; };
		1562F4232A1D68A80086A7C8 /* AdminViewInputProtocol.swift */ = {isa = PBXFileReference; lastKnownFileType = sourcecode.swift; path = AdminViewInputProtocol.swift; sourceTree = "<group>"; };
		1562F4242A1D68A80086A7C8 /* AdminViewOutputProtocol.swift */ = {isa = PBXFileReference; lastKnownFileType = sourcecode.swift; path = AdminViewOutputProtocol.swift; sourceTree = "<group>"; };
		1562F4252A1D68A80086A7C8 /* UIColorExtension.swift */ = {isa = PBXFileReference; lastKnownFileType = sourcecode.swift; name = UIColorExtension.swift; path = AliasFrontend/UIColorExtension.swift; sourceTree = "<group>"; };
		9475E9EE9C56B4683B549CFB /* Pods-AliasFrontend.debug.xcconfig */ = {isa = PBXFileReference; includeInIndex = 1; lastKnownFileType = text.xcconfig; name = "Pods-AliasFrontend.debug.xcconfig"; path = "Target Support Files/Pods-AliasFrontend/Pods-AliasFrontend.debug.xcconfig"; sourceTree = "<group>"; };
		991D785A2A1D4EF000D331AA /* AliasFrontend.app */ = {isa = PBXFileReference; explicitFileType = wrapper.application; includeInIndex = 0; path = AliasFrontend.app; sourceTree = BUILT_PRODUCTS_DIR; };
		991D785D2A1D4EF000D331AA /* AppDelegate.swift */ = {isa = PBXFileReference; lastKnownFileType = sourcecode.swift; path = AppDelegate.swift; sourceTree = "<group>"; };
		991D785F2A1D4EF000D331AA /* SceneDelegate.swift */ = {isa = PBXFileReference; lastKnownFileType = sourcecode.swift; path = SceneDelegate.swift; sourceTree = "<group>"; };
		991D78612A1D4EF000D331AA /* ViewController.swift */ = {isa = PBXFileReference; lastKnownFileType = sourcecode.swift; path = ViewController.swift; sourceTree = "<group>"; };
		991D78662A1D4EF400D331AA /* Assets.xcassets */ = {isa = PBXFileReference; lastKnownFileType = folder.assetcatalog; path = Assets.xcassets; sourceTree = "<group>"; };
		991D78692A1D4EF400D331AA /* Base */ = {isa = PBXFileReference; lastKnownFileType = file.storyboard; name = Base; path = Base.lproj/LaunchScreen.storyboard; sourceTree = "<group>"; };
		991D786B2A1D4EF400D331AA /* Info.plist */ = {isa = PBXFileReference; lastKnownFileType = text.plist.xml; path = Info.plist; sourceTree = "<group>"; };
		991D78742A1D4F8500D331AA /* KeyChain.swift */ = {isa = PBXFileReference; lastKnownFileType = sourcecode.swift; path = KeyChain.swift; sourceTree = "<group>"; };
		991D78782A1D4F8500D331AA /* Service.swift */ = {isa = PBXFileReference; lastKnownFileType = sourcecode.swift; path = Service.swift; sourceTree = "<group>"; };
		991D787E2A1D504000D331AA /* UserResponse.swift */ = {isa = PBXFileReference; lastKnownFileType = sourcecode.swift; path = UserResponse.swift; sourceTree = "<group>"; };
		991D78802A1D506400D331AA /* LoginResponse.swift */ = {isa = PBXFileReference; lastKnownFileType = sourcecode.swift; path = LoginResponse.swift; sourceTree = "<group>"; };
		991D78822A1D507D00D331AA /* LoginView.swift */ = {isa = PBXFileReference; lastKnownFileType = sourcecode.swift; path = LoginView.swift; sourceTree = "<group>"; };
		991D78842A1D509500D331AA /* LoginViewModel.swift */ = {isa = PBXFileReference; lastKnownFileType = sourcecode.swift; path = LoginViewModel.swift; sourceTree = "<group>"; };
		991D78862A1D50DC00D331AA /* RegisterView.swift */ = {isa = PBXFileReference; lastKnownFileType = sourcecode.swift; path = RegisterView.swift; sourceTree = "<group>"; };
		991D78882A1D50F000D331AA /* RegisterViewModel.swift */ = {isa = PBXFileReference; lastKnownFileType = sourcecode.swift; path = RegisterViewModel.swift; sourceTree = "<group>"; };
		AB3F9DBD10A4F4F5EC7DC229 /* Pods-AliasFrontend.release.xcconfig */ = {isa = PBXFileReference; includeInIndex = 1; lastKnownFileType = text.xcconfig; name = "Pods-AliasFrontend.release.xcconfig"; path = "Target Support Files/Pods-AliasFrontend/Pods-AliasFrontend.release.xcconfig"; sourceTree = "<group>"; };
		ED899F8932580061A08648C3 /* Pods_AliasFrontend.framework */ = {isa = PBXFileReference; explicitFileType = wrapper.framework; includeInIndex = 0; path = Pods_AliasFrontend.framework; sourceTree = BUILT_PRODUCTS_DIR; };
/* End PBXFileReference section */

/* Begin PBXFrameworksBuildPhase section */
		991D78572A1D4EF000D331AA /* Frameworks */ = {
			isa = PBXFrameworksBuildPhase;
			buildActionMask = 2147483647;
			files = (
				C98BA856999A3D48A146A00A /* Pods_AliasFrontend.framework in Frameworks */,
			);
			runOnlyForDeploymentPostprocessing = 0;
		};
/* End PBXFrameworksBuildPhase section */

/* Begin PBXGroup section */
		0BE5B0E76C28B4320D002790 /* Frameworks */ = {
			isa = PBXGroup;
			children = (
				ED899F8932580061A08648C3 /* Pods_AliasFrontend.framework */,
			);
			name = Frameworks;
			sourceTree = "<group>";
		};
		1562F41D2A1D68A80086A7C8 /* Admin */ = {
			isa = PBXGroup;
			children = (
				1562F41E2A1D68A80086A7C8 /* Presenter */,
				1562F4202A1D68A80086A7C8 /* Views */,
				1562F4222A1D68A80086A7C8 /* Protocols */,
			);
			name = Admin;
			path = AliasFrontend/Admin;
			sourceTree = "<group>";
		};
		1562F41E2A1D68A80086A7C8 /* Presenter */ = {
			isa = PBXGroup;
			children = (
				1562F41F2A1D68A80086A7C8 /* AdminPresenter.swift */,
			);
			path = Presenter;
			sourceTree = "<group>";
		};
		1562F4202A1D68A80086A7C8 /* Views */ = {
			isa = PBXGroup;
			children = (
				1562F4212A1D68A80086A7C8 /* AdminViewController.swift */,
			);
			path = Views;
			sourceTree = "<group>";
		};
		1562F4222A1D68A80086A7C8 /* Protocols */ = {
			isa = PBXGroup;
			children = (
				1562F4232A1D68A80086A7C8 /* AdminViewInputProtocol.swift */,
				1562F4242A1D68A80086A7C8 /* AdminViewOutputProtocol.swift */,
			);
			path = Protocols;
			sourceTree = "<group>";
		};
		991D78512A1D4EF000D331AA = {
			isa = PBXGroup;
			children = (
				1562F41D2A1D68A80086A7C8 /* Admin */,
				1562F4252A1D68A80086A7C8 /* UIColorExtension.swift */,
				991D785C2A1D4EF000D331AA /* AliasFrontend */,
				991D785B2A1D4EF000D331AA /* Products */,
				AEBB550099074A982C1B965F /* Pods */,
				0BE5B0E76C28B4320D002790 /* Frameworks */,
			);
			sourceTree = "<group>";
		};
		991D785B2A1D4EF000D331AA /* Products */ = {
			isa = PBXGroup;
			children = (
				991D785A2A1D4EF000D331AA /* AliasFrontend.app */,
			);
			name = Products;
			sourceTree = "<group>";
		};
		991D785C2A1D4EF000D331AA /* AliasFrontend */ = {
			isa = PBXGroup;
			children = (
				991D78742A1D4F8500D331AA /* KeyChain.swift */,
				991D78772A1D4F8500D331AA /* LoginView */,
				991D78732A1D4F8500D331AA /* Model */,
				991D787B2A1D4F8500D331AA /* RegisterView */,
				991D78782A1D4F8500D331AA /* Service.swift */,
				991D785D2A1D4EF000D331AA /* AppDelegate.swift */,
				991D785F2A1D4EF000D331AA /* SceneDelegate.swift */,
				991D78612A1D4EF000D331AA /* ViewController.swift */,
				991D78662A1D4EF400D331AA /* Assets.xcassets */,
				991D78682A1D4EF400D331AA /* LaunchScreen.storyboard */,
				991D786B2A1D4EF400D331AA /* Info.plist */,
			);
			path = AliasFrontend;
			sourceTree = "<group>";
		};
		991D78732A1D4F8500D331AA /* Model */ = {
			isa = PBXGroup;
			children = (
				991D787E2A1D504000D331AA /* UserResponse.swift */,
				991D78802A1D506400D331AA /* LoginResponse.swift */,
				155BB4402A1D73F80029F727 /* CreateRoomResponse.swift */,
			);
			path = Model;
			sourceTree = "<group>";
		};
		991D78772A1D4F8500D331AA /* LoginView */ = {
			isa = PBXGroup;
			children = (
				991D78822A1D507D00D331AA /* LoginView.swift */,
				991D78842A1D509500D331AA /* LoginViewModel.swift */,
			);
			path = LoginView;
			sourceTree = "<group>";
		};
		991D787B2A1D4F8500D331AA /* RegisterView */ = {
			isa = PBXGroup;
			children = (
				991D78862A1D50DC00D331AA /* RegisterView.swift */,
				991D78882A1D50F000D331AA /* RegisterViewModel.swift */,
			);
			path = RegisterView;
			sourceTree = "<group>";
		};
		AEBB550099074A982C1B965F /* Pods */ = {
			isa = PBXGroup;
			children = (
				9475E9EE9C56B4683B549CFB /* Pods-AliasFrontend.debug.xcconfig */,
				AB3F9DBD10A4F4F5EC7DC229 /* Pods-AliasFrontend.release.xcconfig */,
			);
			path = Pods;
			sourceTree = "<group>";
		};
/* End PBXGroup section */

/* Begin PBXNativeTarget section */
		991D78592A1D4EF000D331AA /* AliasFrontend */ = {
			isa = PBXNativeTarget;
			buildConfigurationList = 991D786E2A1D4EF400D331AA /* Build configuration list for PBXNativeTarget "AliasFrontend" */;
			buildPhases = (
				925A8800AD7C99EFA65F77B2 /* [CP] Check Pods Manifest.lock */,
				991D78562A1D4EF000D331AA /* Sources */,
				991D78572A1D4EF000D331AA /* Frameworks */,
				991D78582A1D4EF000D331AA /* Resources */,
				2976DA69CCF033421C1FBBDF /* [CP] Embed Pods Frameworks */,
			);
			buildRules = (
			);
			dependencies = (
			);
			name = AliasFrontend;
			productName = AliasFrontend;
			productReference = 991D785A2A1D4EF000D331AA /* AliasFrontend.app */;
			productType = "com.apple.product-type.application";
		};
/* End PBXNativeTarget section */

/* Begin PBXProject section */
		991D78522A1D4EF000D331AA /* Project object */ = {
			isa = PBXProject;
			attributes = {
				BuildIndependentTargetsInParallel = 1;
				LastSwiftUpdateCheck = 1430;
				LastUpgradeCheck = 1430;
				TargetAttributes = {
					991D78592A1D4EF000D331AA = {
						CreatedOnToolsVersion = 14.3;
					};
				};
			};
			buildConfigurationList = 991D78552A1D4EF000D331AA /* Build configuration list for PBXProject "AliasFrontend" */;
			compatibilityVersion = "Xcode 14.0";
			developmentRegion = en;
			hasScannedForEncodings = 0;
			knownRegions = (
				en,
				Base,
			);
			mainGroup = 991D78512A1D4EF000D331AA;
			productRefGroup = 991D785B2A1D4EF000D331AA /* Products */;
			projectDirPath = "";
			projectRoot = "";
			targets = (
				991D78592A1D4EF000D331AA /* AliasFrontend */,
			);
		};
/* End PBXProject section */

/* Begin PBXResourcesBuildPhase section */
		991D78582A1D4EF000D331AA /* Resources */ = {
			isa = PBXResourcesBuildPhase;
			buildActionMask = 2147483647;
			files = (
				991D786A2A1D4EF400D331AA /* LaunchScreen.storyboard in Resources */,
				991D78672A1D4EF400D331AA /* Assets.xcassets in Resources */,
			);
			runOnlyForDeploymentPostprocessing = 0;
		};
/* End PBXResourcesBuildPhase section */

/* Begin PBXShellScriptBuildPhase section */
		2976DA69CCF033421C1FBBDF /* [CP] Embed Pods Frameworks */ = {
			isa = PBXShellScriptBuildPhase;
			buildActionMask = 2147483647;
			files = (
			);
			inputFileListPaths = (
				"${PODS_ROOT}/Target Support Files/Pods-AliasFrontend/Pods-AliasFrontend-frameworks-${CONFIGURATION}-input-files.xcfilelist",
			);
			name = "[CP] Embed Pods Frameworks";
			outputFileListPaths = (
				"${PODS_ROOT}/Target Support Files/Pods-AliasFrontend/Pods-AliasFrontend-frameworks-${CONFIGURATION}-output-files.xcfilelist",
			);
			runOnlyForDeploymentPostprocessing = 0;
			shellPath = /bin/sh;
			shellScript = "\"${PODS_ROOT}/Target Support Files/Pods-AliasFrontend/Pods-AliasFrontend-frameworks.sh\"\n";
			showEnvVarsInLog = 0;
		};
		925A8800AD7C99EFA65F77B2 /* [CP] Check Pods Manifest.lock */ = {
			isa = PBXShellScriptBuildPhase;
			buildActionMask = 2147483647;
			files = (
			);
			inputFileListPaths = (
			);
			inputPaths = (
				"${PODS_PODFILE_DIR_PATH}/Podfile.lock",
				"${PODS_ROOT}/Manifest.lock",
			);
			name = "[CP] Check Pods Manifest.lock";
			outputFileListPaths = (
			);
			outputPaths = (
				"$(DERIVED_FILE_DIR)/Pods-AliasFrontend-checkManifestLockResult.txt",
			);
			runOnlyForDeploymentPostprocessing = 0;
			shellPath = /bin/sh;
			shellScript = "diff \"${PODS_PODFILE_DIR_PATH}/Podfile.lock\" \"${PODS_ROOT}/Manifest.lock\" > /dev/null\nif [ $? != 0 ] ; then\n    # print error to STDERR\n    echo \"error: The sandbox is not in sync with the Podfile.lock. Run 'pod install' or update your CocoaPods installation.\" >&2\n    exit 1\nfi\n# This output is used by Xcode 'outputs' to avoid re-running this script phase.\necho \"SUCCESS\" > \"${SCRIPT_OUTPUT_FILE_0}\"\n";
			showEnvVarsInLog = 0;
		};
/* End PBXShellScriptBuildPhase section */

/* Begin PBXSourcesBuildPhase section */
		991D78562A1D4EF000D331AA /* Sources */ = {
			isa = PBXSourcesBuildPhase;
			buildActionMask = 2147483647;
			files = (
				155BB43E2A1D6A420029F727 /* AdminViewOutputProtocol.swift in Sources */,
				991D78622A1D4EF000D331AA /* ViewController.swift in Sources */,
				991D78872A1D50DC00D331AA /* RegisterView.swift in Sources */,
				991D787C2A1D4F8500D331AA /* Service.swift in Sources */,
				991D787D2A1D4F8500D331AA /* KeyChain.swift in Sources */,
				991D78892A1D50F000D331AA /* RegisterViewModel.swift in Sources */,
				991D785E2A1D4EF000D331AA /* AppDelegate.swift in Sources */,
				991D78602A1D4EF000D331AA /* SceneDelegate.swift in Sources */,
				991D787F2A1D504000D331AA /* UserResponse.swift in Sources */,
				155BB43C2A1D6A3D0029F727 /* AdminViewController.swift in Sources */,
				155BB43D2A1D6A400029F727 /* AdminViewInputProtocol.swift in Sources */,
				155BB43F2A1D6A4D0029F727 /* UIColorExtension.swift in Sources */,
				155BB43B2A1D6A370029F727 /* AdminPresenter.swift in Sources */,
				991D78832A1D507D00D331AA /* LoginView.swift in Sources */,
				155BB4412A1D73F80029F727 /* CreateRoomResponse.swift in Sources */,
				991D78812A1D506400D331AA /* LoginResponse.swift in Sources */,
				991D78852A1D509500D331AA /* LoginViewModel.swift in Sources */,
			);
			runOnlyForDeploymentPostprocessing = 0;
		};
/* End PBXSourcesBuildPhase section */

/* Begin PBXVariantGroup section */
		991D78682A1D4EF400D331AA /* LaunchScreen.storyboard */ = {
			isa = PBXVariantGroup;
			children = (
				991D78692A1D4EF400D331AA /* Base */,
			);
			name = LaunchScreen.storyboard;
			sourceTree = "<group>";
		};
/* End PBXVariantGroup section */

/* Begin XCBuildConfiguration section */
		991D786C2A1D4EF400D331AA /* Debug */ = {
			isa = XCBuildConfiguration;
			buildSettings = {
				ALWAYS_SEARCH_USER_PATHS = NO;
				CLANG_ANALYZER_NONNULL = YES;
				CLANG_ANALYZER_NUMBER_OBJECT_CONVERSION = YES_AGGRESSIVE;
				CLANG_CXX_LANGUAGE_STANDARD = "gnu++20";
				CLANG_ENABLE_MODULES = YES;
				CLANG_ENABLE_OBJC_ARC = YES;
				CLANG_ENABLE_OBJC_WEAK = YES;
				CLANG_WARN_BLOCK_CAPTURE_AUTORELEASING = YES;
				CLANG_WARN_BOOL_CONVERSION = YES;
				CLANG_WARN_COMMA = YES;
				CLANG_WARN_CONSTANT_CONVERSION = YES;
				CLANG_WARN_DEPRECATED_OBJC_IMPLEMENTATIONS = YES;
				CLANG_WARN_DIRECT_OBJC_ISA_USAGE = YES_ERROR;
				CLANG_WARN_DOCUMENTATION_COMMENTS = YES;
				CLANG_WARN_EMPTY_BODY = YES;
				CLANG_WARN_ENUM_CONVERSION = YES;
				CLANG_WARN_INFINITE_RECURSION = YES;
				CLANG_WARN_INT_CONVERSION = YES;
				CLANG_WARN_NON_LITERAL_NULL_CONVERSION = YES;
				CLANG_WARN_OBJC_IMPLICIT_RETAIN_SELF = YES;
				CLANG_WARN_OBJC_LITERAL_CONVERSION = YES;
				CLANG_WARN_OBJC_ROOT_CLASS = YES_ERROR;
				CLANG_WARN_QUOTED_INCLUDE_IN_FRAMEWORK_HEADER = YES;
				CLANG_WARN_RANGE_LOOP_ANALYSIS = YES;
				CLANG_WARN_STRICT_PROTOTYPES = YES;
				CLANG_WARN_SUSPICIOUS_MOVE = YES;
				CLANG_WARN_UNGUARDED_AVAILABILITY = YES_AGGRESSIVE;
				CLANG_WARN_UNREACHABLE_CODE = YES;
				CLANG_WARN__DUPLICATE_METHOD_MATCH = YES;
				COPY_PHASE_STRIP = NO;
				DEBUG_INFORMATION_FORMAT = dwarf;
				ENABLE_STRICT_OBJC_MSGSEND = YES;
				ENABLE_TESTABILITY = YES;
				GCC_C_LANGUAGE_STANDARD = gnu11;
				GCC_DYNAMIC_NO_PIC = NO;
				GCC_NO_COMMON_BLOCKS = YES;
				GCC_OPTIMIZATION_LEVEL = 0;
				GCC_PREPROCESSOR_DEFINITIONS = (
					"DEBUG=1",
					"$(inherited)",
				);
				GCC_WARN_64_TO_32_BIT_CONVERSION = YES;
				GCC_WARN_ABOUT_RETURN_TYPE = YES_ERROR;
				GCC_WARN_UNDECLARED_SELECTOR = YES;
				GCC_WARN_UNINITIALIZED_AUTOS = YES_AGGRESSIVE;
				GCC_WARN_UNUSED_FUNCTION = YES;
				GCC_WARN_UNUSED_VARIABLE = YES;
				IPHONEOS_DEPLOYMENT_TARGET = 14.0;
				MTL_ENABLE_DEBUG_INFO = INCLUDE_SOURCE;
				MTL_FAST_MATH = YES;
				ONLY_ACTIVE_ARCH = YES;
				SDKROOT = iphoneos;
				SWIFT_ACTIVE_COMPILATION_CONDITIONS = DEBUG;
				SWIFT_OPTIMIZATION_LEVEL = "-Onone";
			};
			name = Debug;
		};
		991D786D2A1D4EF400D331AA /* Release */ = {
			isa = XCBuildConfiguration;
			buildSettings = {
				ALWAYS_SEARCH_USER_PATHS = NO;
				CLANG_ANALYZER_NONNULL = YES;
				CLANG_ANALYZER_NUMBER_OBJECT_CONVERSION = YES_AGGRESSIVE;
				CLANG_CXX_LANGUAGE_STANDARD = "gnu++20";
				CLANG_ENABLE_MODULES = YES;
				CLANG_ENABLE_OBJC_ARC = YES;
				CLANG_ENABLE_OBJC_WEAK = YES;
				CLANG_WARN_BLOCK_CAPTURE_AUTORELEASING = YES;
				CLANG_WARN_BOOL_CONVERSION = YES;
				CLANG_WARN_COMMA = YES;
				CLANG_WARN_CONSTANT_CONVERSION = YES;
				CLANG_WARN_DEPRECATED_OBJC_IMPLEMENTATIONS = YES;
				CLANG_WARN_DIRECT_OBJC_ISA_USAGE = YES_ERROR;
				CLANG_WARN_DOCUMENTATION_COMMENTS = YES;
				CLANG_WARN_EMPTY_BODY = YES;
				CLANG_WARN_ENUM_CONVERSION = YES;
				CLANG_WARN_INFINITE_RECURSION = YES;
				CLANG_WARN_INT_CONVERSION = YES;
				CLANG_WARN_NON_LITERAL_NULL_CONVERSION = YES;
				CLANG_WARN_OBJC_IMPLICIT_RETAIN_SELF = YES;
				CLANG_WARN_OBJC_LITERAL_CONVERSION = YES;
				CLANG_WARN_OBJC_ROOT_CLASS = YES_ERROR;
				CLANG_WARN_QUOTED_INCLUDE_IN_FRAMEWORK_HEADER = YES;
				CLANG_WARN_RANGE_LOOP_ANALYSIS = YES;
				CLANG_WARN_STRICT_PROTOTYPES = YES;
				CLANG_WARN_SUSPICIOUS_MOVE = YES;
				CLANG_WARN_UNGUARDED_AVAILABILITY = YES_AGGRESSIVE;
				CLANG_WARN_UNREACHABLE_CODE = YES;
				CLANG_WARN__DUPLICATE_METHOD_MATCH = YES;
				COPY_PHASE_STRIP = NO;
				DEBUG_INFORMATION_FORMAT = "dwarf-with-dsym";
				ENABLE_NS_ASSERTIONS = NO;
				ENABLE_STRICT_OBJC_MSGSEND = YES;
				GCC_C_LANGUAGE_STANDARD = gnu11;
				GCC_NO_COMMON_BLOCKS = YES;
				GCC_WARN_64_TO_32_BIT_CONVERSION = YES;
				GCC_WARN_ABOUT_RETURN_TYPE = YES_ERROR;
				GCC_WARN_UNDECLARED_SELECTOR = YES;
				GCC_WARN_UNINITIALIZED_AUTOS = YES_AGGRESSIVE;
				GCC_WARN_UNUSED_FUNCTION = YES;
				GCC_WARN_UNUSED_VARIABLE = YES;
				IPHONEOS_DEPLOYMENT_TARGET = 14.0;
				MTL_ENABLE_DEBUG_INFO = NO;
				MTL_FAST_MATH = YES;
				SDKROOT = iphoneos;
				SWIFT_COMPILATION_MODE = wholemodule;
				SWIFT_OPTIMIZATION_LEVEL = "-O";
				VALIDATE_PRODUCT = YES;
			};
			name = Release;
		};
		991D786F2A1D4EF400D331AA /* Debug */ = {
			isa = XCBuildConfiguration;
			baseConfigurationReference = 9475E9EE9C56B4683B549CFB /* Pods-AliasFrontend.debug.xcconfig */;
			buildSettings = {
				ASSETCATALOG_COMPILER_APPICON_NAME = AppIcon;
				ASSETCATALOG_COMPILER_GLOBAL_ACCENT_COLOR_NAME = AccentColor;
				CODE_SIGN_STYLE = Automatic;
				CURRENT_PROJECT_VERSION = 1;
				GENERATE_INFOPLIST_FILE = YES;
				INFOPLIST_FILE = AliasFrontend/Info.plist;
				INFOPLIST_KEY_UIApplicationSupportsIndirectInputEvents = YES;
				INFOPLIST_KEY_UILaunchStoryboardName = LaunchScreen;
				INFOPLIST_KEY_UISupportedInterfaceOrientations_iPad = "UIInterfaceOrientationPortrait UIInterfaceOrientationPortraitUpsideDown UIInterfaceOrientationLandscapeLeft UIInterfaceOrientationLandscapeRight";
				INFOPLIST_KEY_UISupportedInterfaceOrientations_iPhone = "UIInterfaceOrientationPortrait UIInterfaceOrientationLandscapeLeft UIInterfaceOrientationLandscapeRight";
				IPHONEOS_DEPLOYMENT_TARGET = 14.0;
				LD_RUNPATH_SEARCH_PATHS = (
					"$(inherited)",
					"@executable_path/Frameworks",
				);
				MARKETING_VERSION = 1.0;
				PRODUCT_BUNDLE_IDENTIFIER = ru.hse.alias.AliasFrontend;
				PRODUCT_NAME = "$(TARGET_NAME)";
				SWIFT_EMIT_LOC_STRINGS = YES;
				SWIFT_VERSION = 5.0;
				TARGETED_DEVICE_FAMILY = "1,2";
			};
			name = Debug;
		};
		991D78702A1D4EF400D331AA /* Release */ = {
			isa = XCBuildConfiguration;
			baseConfigurationReference = AB3F9DBD10A4F4F5EC7DC229 /* Pods-AliasFrontend.release.xcconfig */;
			buildSettings = {
				ASSETCATALOG_COMPILER_APPICON_NAME = AppIcon;
				ASSETCATALOG_COMPILER_GLOBAL_ACCENT_COLOR_NAME = AccentColor;
				CODE_SIGN_STYLE = Automatic;
				CURRENT_PROJECT_VERSION = 1;
				GENERATE_INFOPLIST_FILE = YES;
				INFOPLIST_FILE = AliasFrontend/Info.plist;
				INFOPLIST_KEY_UIApplicationSupportsIndirectInputEvents = YES;
				INFOPLIST_KEY_UILaunchStoryboardName = LaunchScreen;
				INFOPLIST_KEY_UISupportedInterfaceOrientations_iPad = "UIInterfaceOrientationPortrait UIInterfaceOrientationPortraitUpsideDown UIInterfaceOrientationLandscapeLeft UIInterfaceOrientationLandscapeRight";
				INFOPLIST_KEY_UISupportedInterfaceOrientations_iPhone = "UIInterfaceOrientationPortrait UIInterfaceOrientationLandscapeLeft UIInterfaceOrientationLandscapeRight";
				IPHONEOS_DEPLOYMENT_TARGET = 14.0;
				LD_RUNPATH_SEARCH_PATHS = (
					"$(inherited)",
					"@executable_path/Frameworks",
				);
				MARKETING_VERSION = 1.0;
				PRODUCT_BUNDLE_IDENTIFIER = ru.hse.alias.AliasFrontend;
				PRODUCT_NAME = "$(TARGET_NAME)";
				SWIFT_EMIT_LOC_STRINGS = YES;
				SWIFT_VERSION = 5.0;
				TARGETED_DEVICE_FAMILY = "1,2";
			};
			name = Release;
		};
/* End XCBuildConfiguration section */

/* Begin XCConfigurationList section */
		991D78552A1D4EF000D331AA /* Build configuration list for PBXProject "AliasFrontend" */ = {
			isa = XCConfigurationList;
			buildConfigurations = (
				991D786C2A1D4EF400D331AA /* Debug */,
				991D786D2A1D4EF400D331AA /* Release */,
			);
			defaultConfigurationIsVisible = 0;
			defaultConfigurationName = Release;
		};
		991D786E2A1D4EF400D331AA /* Build configuration list for PBXNativeTarget "AliasFrontend" */ = {
			isa = XCConfigurationList;
			buildConfigurations = (
				991D786F2A1D4EF400D331AA /* Debug */,
				991D78702A1D4EF400D331AA /* Release */,
			);
			defaultConfigurationIsVisible = 0;
			defaultConfigurationName = Release;
		};
/* End XCConfigurationList section */
	};
	rootObject = 991D78522A1D4EF000D331AA /* Project object */;
}
